
Microsoft Visual Studio Solution File, Format Version 12.00
# Visual Studio Version 17
VisualStudioVersion = 17.0.32112.339
MinimumVisualStudioVersion = 10.0.40219.1
Project("{FAE04EC0-301F-11D3-BF4B-00C04F79EFBC}") = "Classes", "Classes\Classes.csproj", "{F45EA57D-A1F8-4A6E-8EE8-A45B2F248FC0}"
EndProject
Global
	GlobalSection(SolutionConfigurationPlatforms) = preSolution
		Debug|Any CPU = Debug|Any CPU
		Release|Any CPU = Release|Any CPU
	EndGlobalSection
	GlobalSection(ProjectConfigurationPlatforms) = postSolution
		{F45EA57D-A1F8-4A6E-8EE8-A45B2F248FC0}.Debug|Any CPU.ActiveCfg = Debug|Any CPU
		{F45EA57D-A1F8-4A6E-8EE8-A45B2F248FC0}.Debug|Any CPU.Build.0 = Debug|Any CPU
		{F45EA57D-A1F8-4A6E-8EE8-A45B2F248FC0}.Release|Any CPU.ActiveCfg = Release|Any CPU
		{F45EA57D-A1F8-4A6E-8EE8-A45B2F248FC0}.Release|Any CPU.Build.0 = Release|Any CPU
	EndGlobalSection
	GlobalSection(SolutionProperties) = preSolution
		HideSolutionNode = FALSE
	EndGlobalSection
	GlobalSection(ExtensibilityGlobals) = postSolution
		SolutionGuid = {23087FC5-47AC-4749-9DD7-5CCA958D3F70}
	EndGlobalSection
EndGlobal
